
Microsoft Visual Studio Solution File, Format Version 12.00
# Visual Studio Version 17
VisualStudioVersion = 17.4.33213.308
MinimumVisualStudioVersion = 10.0.40219.1
Project("{9A19103F-16F7-4668-BE54-9A1E7A4F7556}") = "WSConvertisseur", "WSConvertisseur\WSConvertisseur.csproj", "{8B57F12F-41ED-4170-918B-7F6C2315AB46}"
EndProject
Project("{FAE04EC0-301F-11D3-BF4B-00C04F79EFBC}") = "WSConvertisseurTests", "WSConvertisseurTests\WSConvertisseurTests.csproj", "{B1C95911-9A74-4CA7-AF8A-8558A5DDC1D2}"
EndProject
Global
	GlobalSection(SolutionConfigurationPlatforms) = preSolution
		Debug|Any CPU = Debug|Any CPU
		Release|Any CPU = Release|Any CPU
	EndGlobalSection
	GlobalSection(ProjectConfigurationPlatforms) = postSolution
		{8B57F12F-41ED-4170-918B-7F6C2315AB46}.Debug|Any CPU.ActiveCfg = Debug|Any CPU
		{8B57F12F-41ED-4170-918B-7F6C2315AB46}.Debug|Any CPU.Build.0 = Debug|Any CPU
		{8B57F12F-41ED-4170-918B-7F6C2315AB46}.Release|Any CPU.ActiveCfg = Release|Any CPU
		{8B57F12F-41ED-4170-918B-7F6C2315AB46}.Release|Any CPU.Build.0 = Release|Any CPU
		{B1C95911-9A74-4CA7-AF8A-8558A5DDC1D2}.Debug|Any CPU.ActiveCfg = Debug|Any CPU
		{B1C95911-9A74-4CA7-AF8A-8558A5DDC1D2}.Debug|Any CPU.Build.0 = Debug|Any CPU
		{B1C95911-9A74-4CA7-AF8A-8558A5DDC1D2}.Release|Any CPU.ActiveCfg = Release|Any CPU
		{B1C95911-9A74-4CA7-AF8A-8558A5DDC1D2}.Release|Any CPU.Build.0 = Release|Any CPU
	EndGlobalSection
	GlobalSection(SolutionProperties) = preSolution
		HideSolutionNode = FALSE
	EndGlobalSection
	GlobalSection(ExtensibilityGlobals) = postSolution
		SolutionGuid = {A5F5999B-AD03-414C-8482-B5BECA4E6847}
	EndGlobalSection
EndGlobal
